{
  "name": "integrations_technical_assessment",
  "lockfileVersion": 3,
  "requires": true,
  "packages": {
    "": {
      "dependencies": {
        "DOM": "^0.0.3"
      }
    },
    "node_modules/DOM": {
      "version": "0.0.3",
      "resolved": "https://registry.npmjs.org/DOM/-/DOM-0.0.3.tgz",
      "integrity": "sha512-7Xf7yQOYv/BdrD1DOVJx2SBP78a92KUM3ddxMqi4QzRAYtdbbjy77ZuzxO1dVdSkTNpQTdGzv613T8Y5BKnqnA==",
      "engines": {
        "node": "~0.6.17"
      }
    }
  }
}
